
Microsoft Visual Studio Solution File, Format Version 12.00
# Visual Studio 2015
Project("{FAE04EC0-301F-11D3-BF4B-00C04F79EFBC}") = "ConfigSystem", "ConfigSystem.csproj", "{E01688A5-DFE4-DFA1-DC85-4A2253191E9A}"
EndProject
Project("{FAE04EC0-301F-11D3-BF4B-00C04F79EFBC}") = "ConfigSystem.Editor", "ConfigSystem.Editor.csproj", "{597FA6B4-BF2D-5DC9-DCFC-70B2B430845D}"
EndProject
Global
	GlobalSection(SolutionConfigurationPlatforms) = preSolution
		Debug|Any CPU = Debug|Any CPU
		Release|Any CPU = Release|Any CPU
	EndGlobalSection
	GlobalSection(ProjectConfigurationPlatforms) = postSolution
		{E01688A5-DFE4-DFA1-DC85-4A2253191E9A}.Debug|Any CPU.ActiveCfg = Debug|Any CPU
		{E01688A5-DFE4-DFA1-DC85-4A2253191E9A}.Debug|Any CPU.Build.0 = Debug|Any CPU
		{E01688A5-DFE4-DFA1-DC85-4A2253191E9A}.Release|Any CPU.ActiveCfg = Release|Any CPU
		{E01688A5-DFE4-DFA1-DC85-4A2253191E9A}.Release|Any CPU.Build.0 = Release|Any CPU
		{597FA6B4-BF2D-5DC9-DCFC-70B2B430845D}.Debug|Any CPU.ActiveCfg = Debug|Any CPU
		{597FA6B4-BF2D-5DC9-DCFC-70B2B430845D}.Debug|Any CPU.Build.0 = Debug|Any CPU
		{597FA6B4-BF2D-5DC9-DCFC-70B2B430845D}.Release|Any CPU.ActiveCfg = Release|Any CPU
		{597FA6B4-BF2D-5DC9-DCFC-70B2B430845D}.Release|Any CPU.Build.0 = Release|Any CPU
	EndGlobalSection
	GlobalSection(SolutionProperties) = preSolution
		HideSolutionNode = FALSE
	EndGlobalSection
EndGlobal
